
Microsoft Visual Studio Solution File, Format Version 12.00
# Visual Studio Version 17
VisualStudioVersion = 17.14.36804.6 d17.14
MinimumVisualStudioVersion = 10.0.40219.1
Project("{FAE04EC0-301F-11D3-BF4B-00C04F79EFBC}") = "app_producto", "app_producto\app_producto.csproj", "{E15C061F-0E5C-444D-AE3A-A12B5B37E0DE}"
EndProject
Global
	GlobalSection(SolutionConfigurationPlatforms) = preSolution
		Debug|Any CPU = Debug|Any CPU
		Release|Any CPU = Release|Any CPU
	EndGlobalSection
	GlobalSection(ProjectConfigurationPlatforms) = postSolution
		{E15C061F-0E5C-444D-AE3A-A12B5B37E0DE}.Debug|Any CPU.ActiveCfg = Debug|Any CPU
		{E15C061F-0E5C-444D-AE3A-A12B5B37E0DE}.Debug|Any CPU.Build.0 = Debug|Any CPU
		{E15C061F-0E5C-444D-AE3A-A12B5B37E0DE}.Release|Any CPU.ActiveCfg = Release|Any CPU
		{E15C061F-0E5C-444D-AE3A-A12B5B37E0DE}.Release|Any CPU.Build.0 = Release|Any CPU
	EndGlobalSection
	GlobalSection(SolutionProperties) = preSolution
		HideSolutionNode = FALSE
	EndGlobalSection
	GlobalSection(ExtensibilityGlobals) = postSolution
		SolutionGuid = {B86E6605-9A92-4A9B-B336-9E5393C06DA0}
	EndGlobalSection
EndGlobal
