
Microsoft Visual Studio Solution File, Format Version 12.00
# Visual Studio Version 17
VisualStudioVersion = 17.14.36804.6 d17.14
MinimumVisualStudioVersion = 10.0.40219.1
Project("{FAE04EC0-301F-11D3-BF4B-00C04F79EFBC}") = "ChatSignalR.Api", "ChatSignalR.Api.csproj", "{20280E9F-A4B3-2928-0F01-2618B78EA9F6}"
EndProject
Global
	GlobalSection(SolutionConfigurationPlatforms) = preSolution
		Debug|Any CPU = Debug|Any CPU
		Release|Any CPU = Release|Any CPU
	EndGlobalSection
	GlobalSection(ProjectConfigurationPlatforms) = postSolution
		{20280E9F-A4B3-2928-0F01-2618B78EA9F6}.Debug|Any CPU.ActiveCfg = Debug|Any CPU
		{20280E9F-A4B3-2928-0F01-2618B78EA9F6}.Debug|Any CPU.Build.0 = Debug|Any CPU
		{20280E9F-A4B3-2928-0F01-2618B78EA9F6}.Release|Any CPU.ActiveCfg = Release|Any CPU
		{20280E9F-A4B3-2928-0F01-2618B78EA9F6}.Release|Any CPU.Build.0 = Release|Any CPU
	EndGlobalSection
	GlobalSection(SolutionProperties) = preSolution
		HideSolutionNode = FALSE
	EndGlobalSection
	GlobalSection(ExtensibilityGlobals) = postSolution
		SolutionGuid = {C0E5FAED-F8BB-4E2B-89CE-8F2709F86601}
	EndGlobalSection
EndGlobal
